
Microsoft Visual Studio Solution File, Format Version 12.00
# Visual Studio 15
Project("{FAE04EC0-301F-11D3-BF4B-00C04F79EFBC}") = "Proyecto6Neira", "Proyecto6Neira\Proyecto6Neira.csproj", "{2F96DB7F-FD25-453B-B366-0D06D5FB0A06}"
EndProject
Global
	GlobalSection(SolutionConfigurationPlatforms) = preSolution
		Debug|anycpu = Debug|anycpu
		Release|anycpu = Release|anycpu
	EndGlobalSection
	GlobalSection(ProjectConfigurationPlatforms) = postSolution
		{2F96DB7F-FD25-453B-B366-0D06D5FB0A06}.Debug|anycpu.ActiveCfg = Debug|anycpu
		{2F96DB7F-FD25-453B-B366-0D06D5FB0A06}.Debug|anycpu.Build.0 = Debug|anycpu
		{2F96DB7F-FD25-453B-B366-0D06D5FB0A06}.Release|anycpu.ActiveCfg = Release|anycpu
		{2F96DB7F-FD25-453B-B366-0D06D5FB0A06}.Release|anycpu.Build.0 = Release|anycpu
	EndGlobalSection
EndGlobal
